// !$*UTF8*$!
{
	archiveVersion = 1;
	classes = {
	};
	objectVersion = 46;
	objects = {

/* Begin PBXBuildFile section */
		3EDFFA8C1F14BB6A112A0DA0 /* Pods_FindMyDateUITests.framework in Frameworks */ = {isa = PBXBuildFile; fileRef = 702543273466D483B4C613E8 /* Pods_FindMyDateUITests.framework */; };
		8954E12B1ED7D8D600197708 /* AppDelegate.swift in Sources */ = {isa = PBXBuildFile; fileRef = 8954E12A1ED7D8D600197708 /* AppDelegate.swift */; };
		8954E12D1ED7D8D600197708 /* ViewController.swift in Sources */ = {isa = PBXBuildFile; fileRef = 8954E12C1ED7D8D600197708 /* ViewController.swift */; };
		8954E1301ED7D8D600197708 /* Main.storyboard in Resources */ = {isa = PBXBuildFile; fileRef = 8954E12E1ED7D8D600197708 /* Main.storyboard */; };
		8954E1321ED7D8D600197708 /* Assets.xcassets in Resources */ = {isa = PBXBuildFile; fileRef = 8954E1311ED7D8D600197708 /* Assets.xcassets */; };
		8954E1351ED7D8D600197708 /* LaunchScreen.storyboard in Resources */ = {isa = PBXBuildFile; fileRef = 8954E1331ED7D8D600197708 /* LaunchScreen.storyboard */; };
		8954E1401ED7D8D600197708 /* FindMyDateTests.swift in Sources */ = {isa = PBXBuildFile; fileRef = 8954E13F1ED7D8D600197708 /* FindMyDateTests.swift */; };
		8954E14B1ED7D8D600197708 /* FindMyDateUITests.swift in Sources */ = {isa = PBXBuildFile; fileRef = 8954E14A1ED7D8D600197708 /* FindMyDateUITests.swift */; };
		8954E1591ED7D9EA00197708 /* GoogleService-Info.plist in Resources */ = {isa = PBXBuildFile; fileRef = 8954E1581ED7D9EA00197708 /* GoogleService-Info.plist */; };
		8954E15A1ED7DA7D00197708 /* GoogleService-Info.plist in Resources */ = {isa = PBXBuildFile; fileRef = 8954E1581ED7D9EA00197708 /* GoogleService-Info.plist */; };
		8954E15B1ED7DA7E00197708 /* GoogleService-Info.plist in Resources */ = {isa = PBXBuildFile; fileRef = 8954E1581ED7D9EA00197708 /* GoogleService-Info.plist */; };
		8954E30B1EF5E8B800197708 /* UserTableViewController.swift in Sources */ = {isa = PBXBuildFile; fileRef = 8954E30A1EF5E8B800197708 /* UserTableViewController.swift */; };
		8954E30E1EF7C70E00197708 /* FirebaseUser.swift in Sources */ = {isa = PBXBuildFile; fileRef = 8954E30D1EF7C70E00197708 /* FirebaseUser.swift */; };
		8954E3161EFA5A5600197708 /* UserTableViewCell.swift in Sources */ = {isa = PBXBuildFile; fileRef = 8954E3151EFA5A5600197708 /* UserTableViewCell.swift */; };
		9DDA2D8969189677A9E5EC66 /* Pods_FindMyDate.framework in Frameworks */ = {isa = PBXBuildFile; fileRef = 5D45447280D9E05690344212 /* Pods_FindMyDate.framework */; };
		F8B5D96E851ECB2EC74E9100 /* Pods_FindMyDateTests.framework in Frameworks */ = {isa = PBXBuildFile; fileRef = 8050E5FABE3A75C5E342DBD3 /* Pods_FindMyDateTests.framework */; };
/* End PBXBuildFile section */

/* Begin PBXContainerItemProxy section */
		8954E13C1ED7D8D600197708 /* PBXContainerItemProxy */ = {
			isa = PBXContainerItemProxy;
			containerPortal = 8954E11F1ED7D8D600197708 /* Project object */;
			proxyType = 1;
			remoteGlobalIDString = 8954E1261ED7D8D600197708;
			remoteInfo = FindMyDate;
		};
		8954E1471ED7D8D600197708 /* PBXContainerItemProxy */ = {
			isa = PBXContainerItemProxy;
			containerPortal = 8954E11F1ED7D8D600197708 /* Project object */;
			proxyType = 1;
			remoteGlobalIDString = 8954E1261ED7D8D600197708;
			remoteInfo = FindMyDate;
		};
/* End PBXContainerItemProxy section */

/* Begin PBXFileReference section */
		09B8EBD5ED273205DA4C9366 /* Pods-FindMyDate.release.xcconfig */ = {isa = PBXFileReference; includeInIndex = 1; lastKnownFileType = text.xcconfig; name = "Pods-FindMyDate.release.xcconfig"; path = "Pods/Target Support Files/Pods-FindMyDate/Pods-FindMyDate.release.xcconfig"; sourceTree = "<group>"; };
		3BA103DDE283540445E5D72E /* Pods-FindMyDateTests.release.xcconfig */ = {isa = PBXFileReference; includeInIndex = 1; lastKnownFileType = text.xcconfig; name = "Pods-FindMyDateTests.release.xcconfig"; path = "Pods/Target Support Files/Pods-FindMyDateTests/Pods-FindMyDateTests.release.xcconfig"; sourceTree = "<group>"; };
		554C51D2D9DAB9537D7DDBF2 /* Pods-FindMyDateUITests.release.xcconfig */ = {isa = PBXFileReference; includeInIndex = 1; lastKnownFileType = text.xcconfig; name = "Pods-FindMyDateUITests.release.xcconfig"; path = "Pods/Target Support Files/Pods-FindMyDateUITests/Pods-FindMyDateUITests.release.xcconfig"; sourceTree = "<group>"; };
		5D45447280D9E05690344212 /* Pods_FindMyDate.framework */ = {isa = PBXFileReference; explicitFileType = wrapper.framework; includeInIndex = 0; path = Pods_FindMyDate.framework; sourceTree = BUILT_PRODUCTS_DIR; };
		700B47D09EF5E7999CEAD112 /* Pods-FindMyDateUITests.debug.xcconfig */ = {isa = PBXFileReference; includeInIndex = 1; lastKnownFileType = text.xcconfig; name = "Pods-FindMyDateUITests.debug.xcconfig"; path = "Pods/Target Support Files/Pods-FindMyDateUITests/Pods-FindMyDateUITests.debug.xcconfig"; sourceTree = "<group>"; };
		700BEEB8E927332C56155D99 /* Pods-FindMyDate.debug.xcconfig */ = {isa = PBXFileReference; includeInIndex = 1; lastKnownFileType = text.xcconfig; name = "Pods-FindMyDate.debug.xcconfig"; path = "Pods/Target Support Files/Pods-FindMyDate/Pods-FindMyDate.debug.xcconfig"; sourceTree = "<group>"; };
		702543273466D483B4C613E8 /* Pods_FindMyDateUITests.framework */ = {isa = PBXFileReference; explicitFileType = wrapper.framework; includeInIndex = 0; path = Pods_FindMyDateUITests.framework; sourceTree = BUILT_PRODUCTS_DIR; };
		8050E5FABE3A75C5E342DBD3 /* Pods_FindMyDateTests.framework */ = {isa = PBXFileReference; explicitFileType = wrapper.framework; includeInIndex = 0; path = Pods_FindMyDateTests.framework; sourceTree = BUILT_PRODUCTS_DIR; };
		8954E1271ED7D8D600197708 /* FindMyDate.app */ = {isa = PBXFileReference; explicitFileType = wrapper.application; includeInIndex = 0; path = FindMyDate.app; sourceTree = BUILT_PRODUCTS_DIR; };
		8954E12A1ED7D8D600197708 /* AppDelegate.swift */ = {isa = PBXFileReference; lastKnownFileType = sourcecode.swift; path = AppDelegate.swift; sourceTree = "<group>"; };
		8954E12C1ED7D8D600197708 /* ViewController.swift */ = {isa = PBXFileReference; lastKnownFileType = sourcecode.swift; path = ViewController.swift; sourceTree = "<group>"; };
		8954E12F1ED7D8D600197708 /* Base */ = {isa = PBXFileReference; lastKnownFileType = file.storyboard; name = Base; path = Base.lproj/Main.storyboard; sourceTree = "<group>"; };
		8954E1311ED7D8D600197708 /* Assets.xcassets */ = {isa = PBXFileReference; lastKnownFileType = folder.assetcatalog; path = Assets.xcassets; sourceTree = "<group>"; };
		8954E1341ED7D8D600197708 /* Base */ = {isa = PBXFileReference; lastKnownFileType = file.storyboard; name = Base; path = Base.lproj/LaunchScreen.storyboard; sourceTree = "<group>"; };
		8954E1361ED7D8D600197708 /* Info.plist */ = {isa = PBXFileReference; lastKnownFileType = text.plist.xml; path = Info.plist; sourceTree = "<group>"; };
		8954E13B1ED7D8D600197708 /* FindMyDateTests.xctest */ = {isa = PBXFileReference; explicitFileType = wrapper.cfbundle; includeInIndex = 0; path = FindMyDateTests.xctest; sourceTree = BUILT_PRODUCTS_DIR; };
		8954E13F1ED7D8D600197708 /* FindMyDateTests.swift */ = {isa = PBXFileReference; lastKnownFileType = sourcecode.swift; path = FindMyDateTests.swift; sourceTree = "<group>"; };
		8954E1411ED7D8D600197708 /* Info.plist */ = {isa = PBXFileReference; lastKnownFileType = text.plist.xml; path = Info.plist; sourceTree = "<group>"; };
		8954E1461ED7D8D600197708 /* FindMyDateUITests.xctest */ = {isa = PBXFileReference; explicitFileType = wrapper.cfbundle; includeInIndex = 0; path = FindMyDateUITests.xctest; sourceTree = BUILT_PRODUCTS_DIR; };
		8954E14A1ED7D8D600197708 /* FindMyDateUITests.swift */ = {isa = PBXFileReference; lastKnownFileType = sourcecode.swift; path = FindMyDateUITests.swift; sourceTree = "<group>"; };
		8954E14C1ED7D8D600197708 /* Info.plist */ = {isa = PBXFileReference; lastKnownFileType = text.plist.xml; path = Info.plist; sourceTree = "<group>"; };
		8954E1581ED7D9EA00197708 /* GoogleService-Info.plist */ = {isa = PBXFileReference; fileEncoding = 4; lastKnownFileType = text.plist.xml; path = "GoogleService-Info.plist"; sourceTree = "<group>"; };
		8954E1BB1EE4089D00197708 /* FindMyDate.entitlements */ = {isa = PBXFileReference; lastKnownFileType = text.plist.entitlements; path = FindMyDate.entitlements; sourceTree = "<group>"; };
		8954E30A1EF5E8B800197708 /* UserTableViewController.swift */ = {isa = PBXFileReference; fileEncoding = 4; lastKnownFileType = sourcecode.swift; path = UserTableViewController.swift; sourceTree = "<group>"; };
		8954E30D1EF7C70E00197708 /* FirebaseUser.swift */ = {isa = PBXFileReference; fileEncoding = 4; lastKnownFileType = sourcecode.swift; path = FirebaseUser.swift; sourceTree = "<group>"; };
		8954E3151EFA5A5600197708 /* UserTableViewCell.swift */ = {isa = PBXFileReference; fileEncoding = 4; lastKnownFileType = sourcecode.swift; path = UserTableViewCell.swift; sourceTree = "<group>"; };
		BA7832D858012051BD6043B1 /* Pods-FindMyDateTests.debug.xcconfig */ = {isa = PBXFileReference; includeInIndex = 1; lastKnownFileType = text.xcconfig; name = "Pods-FindMyDateTests.debug.xcconfig"; path = "Pods/Target Support Files/Pods-FindMyDateTests/Pods-FindMyDateTests.debug.xcconfig"; sourceTree = "<group>"; };
/* End PBXFileReference section */

/* Begin PBXFrameworksBuildPhase section */
		8954E1241ED7D8D600197708 /* Frameworks */ = {
			isa = PBXFrameworksBuildPhase;
			buildActionMask = 2147483647;
			files = (
				9DDA2D8969189677A9E5EC66 /* Pods_FindMyDate.framework in Frameworks */,
			);
			runOnlyForDeploymentPostprocessing = 0;
		};
		8954E1381ED7D8D600197708 /* Frameworks */ = {
			isa = PBXFrameworksBuildPhase;
			buildActionMask = 2147483647;
			files = (
				F8B5D96E851ECB2EC74E9100 /* Pods_FindMyDateTests.framework in Frameworks */,
			);
			runOnlyForDeploymentPostprocessing = 0;
		};
		8954E1431ED7D8D600197708 /* Frameworks */ = {
			isa = PBXFrameworksBuildPhase;
			buildActionMask = 2147483647;
			files = (
				3EDFFA8C1F14BB6A112A0DA0 /* Pods_FindMyDateUITests.framework in Frameworks */,
			);
			runOnlyForDeploymentPostprocessing = 0;
		};
/* End PBXFrameworksBuildPhase section */

/* Begin PBXGroup section */
		8954E11E1ED7D8D600197708 = {
			isa = PBXGroup;
			children = (
				8954E1291ED7D8D600197708 /* FindMyDate */,
				8954E13E1ED7D8D600197708 /* FindMyDateTests */,
				8954E1491ED7D8D600197708 /* FindMyDateUITests */,
				8954E1281ED7D8D600197708 /* Products */,
				B4457C2C51A76AD8104CCB87 /* Pods */,
				C18D578716B7571957609ADA /* Frameworks */,
			);
			sourceTree = "<group>";
		};
		8954E1281ED7D8D600197708 /* Products */ = {
			isa = PBXGroup;
			children = (
				8954E1271ED7D8D600197708 /* FindMyDate.app */,
				8954E13B1ED7D8D600197708 /* FindMyDateTests.xctest */,
				8954E1461ED7D8D600197708 /* FindMyDateUITests.xctest */,
			);
			name = Products;
			sourceTree = "<group>";
		};
		8954E1291ED7D8D600197708 /* FindMyDate */ = {
			isa = PBXGroup;
			children = (
				8954E31A1EFA5AC900197708 /* Other */,
				8954E3191EFA5AB600197708 /* Supporting Files */,
				8954E3181EFA5A7D00197708 /* Layouts */,
				8954E3171EFA5A5F00197708 /* Cells */,
				8954E30C1EF7C69F00197708 /* Models */,
				8954E3091EF5E74E00197708 /* Controllers */,
			);
			path = FindMyDate;
			sourceTree = "<group>";
		};
		8954E13E1ED7D8D600197708 /* FindMyDateTests */ = {
			isa = PBXGroup;
			children = (
				8954E13F1ED7D8D600197708 /* FindMyDateTests.swift */,
				8954E1411ED7D8D600197708 /* Info.plist */,
			);
			path = FindMyDateTests;
			sourceTree = "<group>";
		};
		8954E1491ED7D8D600197708 /* FindMyDateUITests */ = {
			isa = PBXGroup;
			children = (
				8954E14A1ED7D8D600197708 /* FindMyDateUITests.swift */,
				8954E14C1ED7D8D600197708 /* Info.plist */,
			);
			path = FindMyDateUITests;
			sourceTree = "<group>";
		};
		8954E3091EF5E74E00197708 /* Controllers */ = {
			isa = PBXGroup;
			children = (
				8954E12C1ED7D8D600197708 /* ViewController.swift */,
				8954E30A1EF5E8B800197708 /* UserTableViewController.swift */,
			);
			name = Controllers;
			sourceTree = "<group>";
		};
		8954E30C1EF7C69F00197708 /* Models */ = {
			isa = PBXGroup;
			children = (
				8954E30D1EF7C70E00197708 /* FirebaseUser.swift */,
			);
			name = Models;
			sourceTree = "<group>";
		};
		8954E3171EFA5A5F00197708 /* Cells */ = {
			isa = PBXGroup;
			children = (
				8954E3151EFA5A5600197708 /* UserTableViewCell.swift */,
			);
			name = Cells;
			sourceTree = "<group>";
		};
		8954E3181EFA5A7D00197708 /* Layouts */ = {
			isa = PBXGroup;
			children = (
				8954E1331ED7D8D600197708 /* LaunchScreen.storyboard */,
				8954E12E1ED7D8D600197708 /* Main.storyboard */,
			);
			name = Layouts;
			sourceTree = "<group>";
		};
		8954E3191EFA5AB600197708 /* Supporting Files */ = {
			isa = PBXGroup;
			children = (
				8954E1581ED7D9EA00197708 /* GoogleService-Info.plist */,
				8954E1361ED7D8D600197708 /* Info.plist */,
				8954E1BB1EE4089D00197708 /* FindMyDate.entitlements */,
			);
			name = "Supporting Files";
			sourceTree = "<group>";
		};
		8954E31A1EFA5AC900197708 /* Other */ = {
			isa = PBXGroup;
			children = (
				8954E12A1ED7D8D600197708 /* AppDelegate.swift */,
				8954E1311ED7D8D600197708 /* Assets.xcassets */,
			);
			name = Other;
			sourceTree = "<group>";
		};
		B4457C2C51A76AD8104CCB87 /* Pods */ = {
			isa = PBXGroup;
			children = (
				700BEEB8E927332C56155D99 /* Pods-FindMyDate.debug.xcconfig */,
				09B8EBD5ED273205DA4C9366 /* Pods-FindMyDate.release.xcconfig */,
				BA7832D858012051BD6043B1 /* Pods-FindMyDateTests.debug.xcconfig */,
				3BA103DDE283540445E5D72E /* Pods-FindMyDateTests.release.xcconfig */,
				700B47D09EF5E7999CEAD112 /* Pods-FindMyDateUITests.debug.xcconfig */,
				554C51D2D9DAB9537D7DDBF2 /* Pods-FindMyDateUITests.release.xcconfig */,
			);
			name = Pods;
			sourceTree = "<group>";
		};
		C18D578716B7571957609ADA /* Frameworks */ = {
			isa = PBXGroup;
			children = (
				5D45447280D9E05690344212 /* Pods_FindMyDate.framework */,
				8050E5FABE3A75C5E342DBD3 /* Pods_FindMyDateTests.framework */,
				702543273466D483B4C613E8 /* Pods_FindMyDateUITests.framework */,
			);
			name = Frameworks;
			sourceTree = "<group>";
		};
/* End PBXGroup section */

/* Begin PBXNativeTarget section */
		8954E1261ED7D8D600197708 /* FindMyDate */ = {
			isa = PBXNativeTarget;
			buildConfigurationList = 8954E14F1ED7D8D600197708 /* Build configuration list for PBXNativeTarget "FindMyDate" */;
			buildPhases = (
				74BBEB5251971DBBB7788B25 /* [CP] Check Pods Manifest.lock */,
				8954E1231ED7D8D600197708 /* Sources */,
				8954E1241ED7D8D600197708 /* Frameworks */,
				8954E1251ED7D8D600197708 /* Resources */,
				16AB17E1B445BB332DDD4827 /* [CP] Embed Pods Frameworks */,
				D6EF4EA0921ED18C1DB26785 /* [CP] Copy Pods Resources */,
			);
			buildRules = (
			);
			dependencies = (
			);
			name = FindMyDate;
			productName = FindMyDate;
			productReference = 8954E1271ED7D8D600197708 /* FindMyDate.app */;
			productType = "com.apple.product-type.application";
		};
		8954E13A1ED7D8D600197708 /* FindMyDateTests */ = {
			isa = PBXNativeTarget;
			buildConfigurationList = 8954E1521ED7D8D600197708 /* Build configuration list for PBXNativeTarget "FindMyDateTests" */;
			buildPhases = (
				96B79694461C2001EACC5144 /* [CP] Check Pods Manifest.lock */,
				8954E1371ED7D8D600197708 /* Sources */,
				8954E1381ED7D8D600197708 /* Frameworks */,
				8954E1391ED7D8D600197708 /* Resources */,
				278B04D91DFC8BA6584284F7 /* [CP] Embed Pods Frameworks */,
				2D11C25D42906FEC1A8F1594 /* [CP] Copy Pods Resources */,
			);
			buildRules = (
			);
			dependencies = (
				8954E13D1ED7D8D600197708 /* PBXTargetDependency */,
			);
			name = FindMyDateTests;
			productName = FindMyDateTests;
			productReference = 8954E13B1ED7D8D600197708 /* FindMyDateTests.xctest */;
			productType = "com.apple.product-type.bundle.unit-test";
		};
		8954E1451ED7D8D600197708 /* FindMyDateUITests */ = {
			isa = PBXNativeTarget;
			buildConfigurationList = 8954E1551ED7D8D600197708 /* Build configuration list for PBXNativeTarget "FindMyDateUITests" */;
			buildPhases = (
				ADE296D4EFF6C7B794F1BA8B /* [CP] Check Pods Manifest.lock */,
				8954E1421ED7D8D600197708 /* Sources */,
				8954E1431ED7D8D600197708 /* Frameworks */,
				8954E1441ED7D8D600197708 /* Resources */,
				327EE31364C2855A8EBE60C3 /* [CP] Embed Pods Frameworks */,
				6847892263841816D80F7E58 /* [CP] Copy Pods Resources */,
			);
			buildRules = (
			);
			dependencies = (
				8954E1481ED7D8D600197708 /* PBXTargetDependency */,
			);
			name = FindMyDateUITests;
			productName = FindMyDateUITests;
			productReference = 8954E1461ED7D8D600197708 /* FindMyDateUITests.xctest */;
			productType = "com.apple.product-type.bundle.ui-testing";
		};
/* End PBXNativeTarget section */

/* Begin PBXProject section */
		8954E11F1ED7D8D600197708 /* Project object */ = {
			isa = PBXProject;
			attributes = {
				LastSwiftUpdateCheck = 0830;
				LastUpgradeCheck = 0830;
				ORGANIZATIONNAME = "Chris Dean";
				TargetAttributes = {
					8954E1261ED7D8D600197708 = {
						CreatedOnToolsVersion = 8.3.2;
						DevelopmentTeam = 95BWZVVTRH;
						ProvisioningStyle = Automatic;
						SystemCapabilities = {
							com.apple.Keychain = {
								enabled = 1;
							};
						};
					};
					8954E13A1ED7D8D600197708 = {
						CreatedOnToolsVersion = 8.3.2;
						ProvisioningStyle = Automatic;
						TestTargetID = 8954E1261ED7D8D600197708;
					};
					8954E1451ED7D8D600197708 = {
						CreatedOnToolsVersion = 8.3.2;
						ProvisioningStyle = Automatic;
						TestTargetID = 8954E1261ED7D8D600197708;
					};
				};
			};
			buildConfigurationList = 8954E1221ED7D8D600197708 /* Build configuration list for PBXProject "FindMyDate" */;
			compatibilityVersion = "Xcode 3.2";
			developmentRegion = English;
			hasScannedForEncodings = 0;
			knownRegions = (
				en,
				Base,
			);
			mainGroup = 8954E11E1ED7D8D600197708;
			productRefGroup = 8954E1281ED7D8D600197708 /* Products */;
			projectDirPath = "";
			projectRoot = "";
			targets = (
				8954E1261ED7D8D600197708 /* FindMyDate */,
				8954E13A1ED7D8D600197708 /* FindMyDateTests */,
				8954E1451ED7D8D600197708 /* FindMyDateUITests */,
			);
		};
/* End PBXProject section */

/* Begin PBXResourcesBuildPhase section */
		8954E1251ED7D8D600197708 /* Resources */ = {
			isa = PBXResourcesBuildPhase;
			buildActionMask = 2147483647;
			files = (
				8954E1351ED7D8D600197708 /* LaunchScreen.storyboard in Resources */,
				8954E1591ED7D9EA00197708 /* GoogleService-Info.plist in Resources */,
				8954E1321ED7D8D600197708 /* Assets.xcassets in Resources */,
				8954E1301ED7D8D600197708 /* Main.storyboard in Resources */,
			);
			runOnlyForDeploymentPostprocessing = 0;
		};
		8954E1391ED7D8D600197708 /* Resources */ = {
			isa = PBXResourcesBuildPhase;
			buildActionMask = 2147483647;
			files = (
				8954E15A1ED7DA7D00197708 /* GoogleService-Info.plist in Resources */,
			);
			runOnlyForDeploymentPostprocessing = 0;
		};
		8954E1441ED7D8D600197708 /* Resources */ = {
			isa = PBXResourcesBuildPhase;
			buildActionMask = 2147483647;
			files = (
				8954E15B1ED7DA7E00197708 /* GoogleService-Info.plist in Resources */,
			);
			runOnlyForDeploymentPostprocessing = 0;
		};
/* End PBXResourcesBuildPhase section */

/* Begin PBXShellScriptBuildPhase section */
		16AB17E1B445BB332DDD4827 /* [CP] Embed Pods Frameworks */ = {
			isa = PBXShellScriptBuildPhase;
			buildActionMask = 2147483647;
			files = (
			);
			inputPaths = (
			);
			name = "[CP] Embed Pods Frameworks";
			outputPaths = (
			);
			runOnlyForDeploymentPostprocessing = 0;
			shellPath = /bin/sh;
			shellScript = "\"${SRCROOT}/Pods/Target Support Files/Pods-FindMyDate/Pods-FindMyDate-frameworks.sh\"\n";
			showEnvVarsInLog = 0;
		};
		278B04D91DFC8BA6584284F7 /* [CP] Embed Pods Frameworks */ = {
			isa = PBXShellScriptBuildPhase;
			buildActionMask = 2147483647;
			files = (
			);
			inputPaths = (
			);
			name = "[CP] Embed Pods Frameworks";
			outputPaths = (
			);
			runOnlyForDeploymentPostprocessing = 0;
			shellPath = /bin/sh;
			shellScript = "\"${SRCROOT}/Pods/Target Support Files/Pods-FindMyDateTests/Pods-FindMyDateTests-frameworks.sh\"\n";
			showEnvVarsInLog = 0;
		};
		2D11C25D42906FEC1A8F1594 /* [CP] Copy Pods Resources */ = {
			isa = PBXShellScriptBuildPhase;
			buildActionMask = 2147483647;
			files = (
			);
			inputPaths = (
			);
			name = "[CP] Copy Pods Resources";
			outputPaths = (
			);
			runOnlyForDeploymentPostprocessing = 0;
			shellPath = /bin/sh;
			shellScript = "\"${SRCROOT}/Pods/Target Support Files/Pods-FindMyDateTests/Pods-FindMyDateTests-resources.sh\"\n";
			showEnvVarsInLog = 0;
		};
		327EE31364C2855A8EBE60C3 /* [CP] Embed Pods Frameworks */ = {
			isa = PBXShellScriptBuildPhase;
			buildActionMask = 2147483647;
			files = (
			);
			inputPaths = (
			);
			name = "[CP] Embed Pods Frameworks";
			outputPaths = (
			);
			runOnlyForDeploymentPostprocessing = 0;
			shellPath = /bin/sh;
			shellScript = "\"${SRCROOT}/Pods/Target Support Files/Pods-FindMyDateUITests/Pods-FindMyDateUITests-frameworks.sh\"\n";
			showEnvVarsInLog = 0;
		};
		6847892263841816D80F7E58 /* [CP] Copy Pods Resources */ = {
			isa = PBXShellScriptBuildPhase;
			buildActionMask = 2147483647;
			files = (
			);
			inputPaths = (
			);
			name = "[CP] Copy Pods Resources";
			outputPaths = (
			);
			runOnlyForDeploymentPostprocessing = 0;
			shellPath = /bin/sh;
			shellScript = "\"${SRCROOT}/Pods/Target Support Files/Pods-FindMyDateUITests/Pods-FindMyDateUITests-resources.sh\"\n";
			showEnvVarsInLog = 0;
		};
		74BBEB5251971DBBB7788B25 /* [CP] Check Pods Manifest.lock */ = {
			isa = PBXShellScriptBuildPhase;
			buildActionMask = 2147483647;
			files = (
			);
			inputPaths = (
			);
			name = "[CP] Check Pods Manifest.lock";
			outputPaths = (
			);
			runOnlyForDeploymentPostprocessing = 0;
			shellPath = /bin/sh;
			shellScript = "diff \"${PODS_PODFILE_DIR_PATH}/Podfile.lock\" \"${PODS_ROOT}/Manifest.lock\" > /dev/null\nif [ $? != 0 ] ; then\n    # print error to STDERR\n    echo \"error: The sandbox is not in sync with the Podfile.lock. Run 'pod install' or update your CocoaPods installation.\" >&2\n    exit 1\nfi\n";
			showEnvVarsInLog = 0;
		};
		96B79694461C2001EACC5144 /* [CP] Check Pods Manifest.lock */ = {
			isa = PBXShellScriptBuildPhase;
			buildActionMask = 2147483647;
			files = (
			);
			inputPaths = (
			);
			name = "[CP] Check Pods Manifest.lock";
			outputPaths = (
			);
			runOnlyForDeploymentPostprocessing = 0;
			shellPath = /bin/sh;
			shellScript = "diff \"${PODS_PODFILE_DIR_PATH}/Podfile.lock\" \"${PODS_ROOT}/Manifest.lock\" > /dev/null\nif [ $? != 0 ] ; then\n    # print error to STDERR\n    echo \"error: The sandbox is not in sync with the Podfile.lock. Run 'pod install' or update your CocoaPods installation.\" >&2\n    exit 1\nfi\n";
			showEnvVarsInLog = 0;
		};
		ADE296D4EFF6C7B794F1BA8B /* [CP] Check Pods Manifest.lock */ = {
			isa = PBXShellScriptBuildPhase;
			buildActionMask = 2147483647;
			files = (
			);
			inputPaths = (
			);
			name = "[CP] Check Pods Manifest.lock";
			outputPaths = (
			);
			runOnlyForDeploymentPostprocessing = 0;
			shellPath = /bin/sh;
			shellScript = "diff \"${PODS_PODFILE_DIR_PATH}/Podfile.lock\" \"${PODS_ROOT}/Manifest.lock\" > /dev/null\nif [ $? != 0 ] ; then\n    # print error to STDERR\n    echo \"error: The sandbox is not in sync with the Podfile.lock. Run 'pod install' or update your CocoaPods installation.\" >&2\n    exit 1\nfi\n";
			showEnvVarsInLog = 0;
		};
		D6EF4EA0921ED18C1DB26785 /* [CP] Copy Pods Resources */ = {
			isa = PBXShellScriptBuildPhase;
			buildActionMask = 2147483647;
			files = (
			);
			inputPaths = (
			);
			name = "[CP] Copy Pods Resources";
			outputPaths = (
			);
			runOnlyForDeploymentPostprocessing = 0;
			shellPath = /bin/sh;
			shellScript = "\"${SRCROOT}/Pods/Target Support Files/Pods-FindMyDate/Pods-FindMyDate-resources.sh\"\n";
			showEnvVarsInLog = 0;
		};
/* End PBXShellScriptBuildPhase section */

/* Begin PBXSourcesBuildPhase section */
		8954E1231ED7D8D600197708 /* Sources */ = {
			isa = PBXSourcesBuildPhase;
			buildActionMask = 2147483647;
			files = (
				8954E30E1EF7C70E00197708 /* FirebaseUser.swift in Sources */,
				8954E12D1ED7D8D600197708 /* ViewController.swift in Sources */,
				8954E30B1EF5E8B800197708 /* UserTableViewController.swift in Sources */,
				8954E12B1ED7D8D600197708 /* AppDelegate.swift in Sources */,
				8954E3161EFA5A5600197708 /* UserTableViewCell.swift in Sources */,
			);
			runOnlyForDeploymentPostprocessing = 0;
		};
		8954E1371ED7D8D600197708 /* Sources */ = {
			isa = PBXSourcesBuildPhase;
			buildActionMask = 2147483647;
			files = (
				8954E1401ED7D8D600197708 /* FindMyDateTests.swift in Sources */,
			);
			runOnlyForDeploymentPostprocessing = 0;
		};
		8954E1421ED7D8D600197708 /* Sources */ = {
			isa = PBXSourcesBuildPhase;
			buildActionMask = 2147483647;
			files = (
				8954E14B1ED7D8D600197708 /* FindMyDateUITests.swift in Sources */,
			);
			runOnlyForDeploymentPostprocessing = 0;
		};
/* End PBXSourcesBuildPhase section */

/* Begin PBXTargetDependency section */
		8954E13D1ED7D8D600197708 /* PBXTargetDependency */ = {
			isa = PBXTargetDependency;
			target = 8954E1261ED7D8D600197708 /* FindMyDate */;
			targetProxy = 8954E13C1ED7D8D600197708 /* PBXContainerItemProxy */;
		};
		8954E1481ED7D8D600197708 /* PBXTargetDependency */ = {
			isa = PBXTargetDependency;
			target = 8954E1261ED7D8D600197708 /* FindMyDate */;
			targetProxy = 8954E1471ED7D8D600197708 /* PBXContainerItemProxy */;
		};
/* End PBXTargetDependency section */

/* Begin PBXVariantGroup section */
		8954E12E1ED7D8D600197708 /* Main.storyboard */ = {
			isa = PBXVariantGroup;
			children = (
				8954E12F1ED7D8D600197708 /* Base */,
			);
			name = Main.storyboard;
			sourceTree = "<group>";
		};
		8954E1331ED7D8D600197708 /* LaunchScreen.storyboard */ = {
			isa = PBXVariantGroup;
			children = (
				8954E1341ED7D8D600197708 /* Base */,
			);
			name = LaunchScreen.storyboard;
			sourceTree = "<group>";
		};
/* End PBXVariantGroup section */

/* Begin XCBuildConfiguration section */
		8954E14D1ED7D8D600197708 /* Debug */ = {
			isa = XCBuildConfiguration;
			buildSettings = {
				ALWAYS_SEARCH_USER_PATHS = NO;
				CLANG_ANALYZER_NONNULL = YES;
				CLANG_ANALYZER_NUMBER_OBJECT_CONVERSION = YES_AGGRESSIVE;
				CLANG_CXX_LANGUAGE_STANDARD = "gnu++0x";
				CLANG_CXX_LIBRARY = "libc++";
				CLANG_ENABLE_MODULES = YES;
				CLANG_ENABLE_OBJC_ARC = YES;
				CLANG_WARN_BOOL_CONVERSION = YES;
				CLANG_WARN_CONSTANT_CONVERSION = YES;
				CLANG_WARN_DIRECT_OBJC_ISA_USAGE = YES_ERROR;
				CLANG_WARN_DOCUMENTATION_COMMENTS = YES;
				CLANG_WARN_EMPTY_BODY = YES;
				CLANG_WARN_ENUM_CONVERSION = YES;
				CLANG_WARN_INFINITE_RECURSION = YES;
				CLANG_WARN_INT_CONVERSION = YES;
				CLANG_WARN_OBJC_ROOT_CLASS = YES_ERROR;
				CLANG_WARN_SUSPICIOUS_MOVE = YES;
				CLANG_WARN_UNREACHABLE_CODE = YES;
				CLANG_WARN__DUPLICATE_METHOD_MATCH = YES;
				"CODE_SIGN_IDENTITY[sdk=iphoneos*]" = "iPhone Developer";
				COPY_PHASE_STRIP = NO;
				DEBUG_INFORMATION_FORMAT = dwarf;
				ENABLE_STRICT_OBJC_MSGSEND = YES;
				ENABLE_TESTABILITY = YES;
				GCC_C_LANGUAGE_STANDARD = gnu99;
				GCC_DYNAMIC_NO_PIC = NO;
				GCC_NO_COMMON_BLOCKS = YES;
				GCC_OPTIMIZATION_LEVEL = 0;
				GCC_PREPROCESSOR_DEFINITIONS = (
					"DEBUG=1",
					"$(inherited)",
				);
				GCC_WARN_64_TO_32_BIT_CONVERSION = YES;
				GCC_WARN_ABOUT_RETURN_TYPE = YES_ERROR;
				GCC_WARN_UNDECLARED_SELECTOR = YES;
				GCC_WARN_UNINITIALIZED_AUTOS = YES_AGGRESSIVE;
				GCC_WARN_UNUSED_FUNCTION = YES;
				GCC_WARN_UNUSED_VARIABLE = YES;
				IPHONEOS_DEPLOYMENT_TARGET = 10.3;
				MTL_ENABLE_DEBUG_INFO = YES;
				ONLY_ACTIVE_ARCH = YES;
				SDKROOT = iphoneos;
				SWIFT_ACTIVE_COMPILATION_CONDITIONS = DEBUG;
				SWIFT_OPTIMIZATION_LEVEL = "-Onone";
			};
			name = Debug;
		};
		8954E14E1ED7D8D600197708 /* Release */ = {
			isa = XCBuildConfiguration;
			buildSettings = {
				ALWAYS_SEARCH_USER_PATHS = NO;
				CLANG_ANALYZER_NONNULL = YES;
				CLANG_ANALYZER_NUMBER_OBJECT_CONVERSION = YES_AGGRESSIVE;
				CLANG_CXX_LANGUAGE_STANDARD = "gnu++0x";
				CLANG_CXX_LIBRARY = "libc++";
				CLANG_ENABLE_MODULES = YES;
				CLANG_ENABLE_OBJC_ARC = YES;
				CLANG_WARN_BOOL_CONVERSION = YES;
				CLANG_WARN_CONSTANT_CONVERSION = YES;
				CLANG_WARN_DIRECT_OBJC_ISA_USAGE = YES_ERROR;
				CLANG_WARN_DOCUMENTATION_COMMENTS = YES;
				CLANG_WARN_EMPTY_BODY = YES;
				CLANG_WARN_ENUM_CONVERSION = YES;
				CLANG_WARN_INFINITE_RECURSION = YES;
				CLANG_WARN_INT_CONVERSION = YES;
				CLANG_WARN_OBJC_ROOT_CLASS = YES_ERROR;
				CLANG_WARN_SUSPICIOUS_MOVE = YES;
				CLANG_WARN_UNREACHABLE_CODE = YES;
				CLANG_WARN__DUPLICATE_METHOD_MATCH = YES;
				"CODE_SIGN_IDENTITY[sdk=iphoneos*]" = "iPhone Developer";
				COPY_PHASE_STRIP = NO;
				DEBUG_INFORMATION_FORMAT = "dwarf-with-dsym";
				ENABLE_NS_ASSERTIONS = NO;
				ENABLE_STRICT_OBJC_MSGSEND = YES;
				GCC_C_LANGUAGE_STANDARD = gnu99;
				GCC_NO_COMMON_BLOCKS = YES;
				GCC_WARN_64_TO_32_BIT_CONVERSION = YES;
				GCC_WARN_ABOUT_RETURN_TYPE = YES_ERROR;
				GCC_WARN_UNDECLARED_SELECTOR = YES;
				GCC_WARN_UNINITIALIZED_AUTOS = YES_AGGRESSIVE;
				GCC_WARN_UNUSED_FUNCTION = YES;
				GCC_WARN_UNUSED_VARIABLE = YES;
				IPHONEOS_DEPLOYMENT_TARGET = 10.3;
				MTL_ENABLE_DEBUG_INFO = NO;
				SDKROOT = iphoneos;
				SWIFT_OPTIMIZATION_LEVEL = "-Owholemodule";
				VALIDATE_PRODUCT = YES;
			};
			name = Release;
		};
		8954E1501ED7D8D600197708 /* Debug */ = {
			isa = XCBuildConfiguration;
			baseConfigurationReference = 700BEEB8E927332C56155D99 /* Pods-FindMyDate.debug.xcconfig */;
			buildSettings = {
				ASSETCATALOG_COMPILER_APPICON_NAME = AppIcon;
				CODE_SIGN_ENTITLEMENTS = FindMyDate/FindMyDate.entitlements;
				DEVELOPMENT_TEAM = 95BWZVVTRH;
				INFOPLIST_FILE = FindMyDate/Info.plist;
				IPHONEOS_DEPLOYMENT_TARGET = 9.1;
				LD_RUNPATH_SEARCH_PATHS = "$(inherited) @executable_path/Frameworks";
				PRODUCT_BUNDLE_IDENTIFIER = cd.FindMyDate;
				PRODUCT_NAME = "$(TARGET_NAME)";
				SWIFT_VERSION = 3.0;
			};
			name = Debug;
		};
		8954E1511ED7D8D600197708 /* Release */ = {
			isa = XCBuildConfiguration;
			baseConfigurationReference = 09B8EBD5ED273205DA4C9366 /* Pods-FindMyDate.release.xcconfig */;
			buildSettings = {
				ASSETCATALOG_COMPILER_APPICON_NAME = AppIcon;
				CODE_SIGN_ENTITLEMENTS = FindMyDate/FindMyDate.entitlements;
				DEVELOPMENT_TEAM = 95BWZVVTRH;
				INFOPLIST_FILE = FindMyDate/Info.plist;
				IPHONEOS_DEPLOYMENT_TARGET = 9.1;
				LD_RUNPATH_SEARCH_PATHS = "$(inherited) @executable_path/Frameworks";
				PRODUCT_BUNDLE_IDENTIFIER = cd.FindMyDate;
				PRODUCT_NAME = "$(TARGET_NAME)";
				SWIFT_VERSION = 3.0;
			};
			name = Release;
		};
		8954E1531ED7D8D600197708 /* Debug */ = {
			isa = XCBuildConfiguration;
			baseConfigurationReference = BA7832D858012051BD6043B1 /* Pods-FindMyDateTests.debug.xcconfig */;
			buildSettings = {
				ALWAYS_EMBED_SWIFT_STANDARD_LIBRARIES = YES;
				BUNDLE_LOADER = "$(TEST_HOST)";
				INFOPLIST_FILE = FindMyDateTests/Info.plist;
				LD_RUNPATH_SEARCH_PATHS = "$(inherited) @executable_path/Frameworks @loader_path/Frameworks";
				PRODUCT_BUNDLE_IDENTIFIER = cd.FindMyDateTests;
				PRODUCT_NAME = "$(TARGET_NAME)";
				SWIFT_VERSION = 3.0;
				TEST_HOST = "$(BUILT_PRODUCTS_DIR)/FindMyDate.app/FindMyDate";
			};
			name = Debug;
		};
		8954E1541ED7D8D600197708 /* Release */ = {
			isa = XCBuildConfiguration;
			baseConfigurationReference = 3BA103DDE283540445E5D72E /* Pods-FindMyDateTests.release.xcconfig */;
			buildSettings = {
				ALWAYS_EMBED_SWIFT_STANDARD_LIBRARIES = YES;
				BUNDLE_LOADER = "$(TEST_HOST)";
				INFOPLIST_FILE = FindMyDateTests/Info.plist;
				LD_RUNPATH_SEARCH_PATHS = "$(inherited) @executable_path/Frameworks @loader_path/Frameworks";
				PRODUCT_BUNDLE_IDENTIFIER = cd.FindMyDateTests;
				PRODUCT_NAME = "$(TARGET_NAME)";
				SWIFT_VERSION = 3.0;
				TEST_HOST = "$(BUILT_PRODUCTS_DIR)/FindMyDate.app/FindMyDate";
			};
			name = Release;
		};
		8954E1561ED7D8D600197708 /* Debug */ = {
			isa = XCBuildConfiguration;
			baseConfigurationReference = 700B47D09EF5E7999CEAD112 /* Pods-FindMyDateUITests.debug.xcconfig */;
			buildSettings = {
				ALWAYS_EMBED_SWIFT_STANDARD_LIBRARIES = YES;
				INFOPLIST_FILE = FindMyDateUITests/Info.plist;
				LD_RUNPATH_SEARCH_PATHS = "$(inherited) @executable_path/Frameworks @loader_path/Frameworks";
				PRODUCT_BUNDLE_IDENTIFIER = cd.FindMyDateUITests;
				PRODUCT_NAME = "$(TARGET_NAME)";
				SWIFT_VERSION = 3.0;
				TEST_TARGET_NAME = FindMyDate;
			};
			name = Debug;
		};
		8954E1571ED7D8D600197708 /* Release */ = {
			isa = XCBuildConfiguration;
			baseConfigurationReference = 554C51D2D9DAB9537D7DDBF2 /* Pods-FindMyDateUITests.release.xcconfig */;
			buildSettings = {
				ALWAYS_EMBED_SWIFT_STANDARD_LIBRARIES = YES;
				INFOPLIST_FILE = FindMyDateUITests/Info.plist;
				LD_RUNPATH_SEARCH_PATHS = "$(inherited) @executable_path/Frameworks @loader_path/Frameworks";
				PRODUCT_BUNDLE_IDENTIFIER = cd.FindMyDateUITests;
				PRODUCT_NAME = "$(TARGET_NAME)";
				SWIFT_VERSION = 3.0;
				TEST_TARGET_NAME = FindMyDate;
			};
			name = Release;
		};
/* End XCBuildConfiguration section */

/* Begin XCConfigurationList section */
		8954E1221ED7D8D600197708 /* Build configuration list for PBXProject "FindMyDate" */ = {
			isa = XCConfigurationList;
			buildConfigurations = (
				8954E14D1ED7D8D600197708 /* Debug */,
				8954E14E1ED7D8D600197708 /* Release */,
			);
			defaultConfigurationIsVisible = 0;
			defaultConfigurationName = Release;
		};
		8954E14F1ED7D8D600197708 /* Build configuration list for PBXNativeTarget "FindMyDate" */ = {
			isa = XCConfigurationList;
			buildConfigurations = (
				8954E1501ED7D8D600197708 /* Debug */,
				8954E1511ED7D8D600197708 /* Release */,
			);
			defaultConfigurationIsVisible = 0;
			defaultConfigurationName = Release;
		};
		8954E1521ED7D8D600197708 /* Build configuration list for PBXNativeTarget "FindMyDateTests" */ = {
			isa = XCConfigurationList;
			buildConfigurations = (
				8954E1531ED7D8D600197708 /* Debug */,
				8954E1541ED7D8D600197708 /* Release */,
			);
			defaultConfigurationIsVisible = 0;
			defaultConfigurationName = Release;
		};
		8954E1551ED7D8D600197708 /* Build configuration list for PBXNativeTarget "FindMyDateUITests" */ = {
			isa = XCConfigurationList;
			buildConfigurations = (
				8954E1561ED7D8D600197708 /* Debug */,
				8954E1571ED7D8D600197708 /* Release */,
			);
			defaultConfigurationIsVisible = 0;
			defaultConfigurationName = Release;
		};
/* End XCConfigurationList section */
	};
	rootObject = 8954E11F1ED7D8D600197708 /* Project object */;
}
